
Microsoft Visual Studio Solution File, Format Version 12.00
# Visual Studio Version 17
VisualStudioVersion = 17.9.34622.214
MinimumVisualStudioVersion = 10.0.40219.1
Project("{9A19103F-16F7-4668-BE54-9A1E7A4F7556}") = "AtelierTomato.Sewing", "AtelierTomato.Sewing\AtelierTomato.Sewing.csproj", "{EBE8746C-2516-469A-8FA0-E9190D327F11}"
	ProjectSection(ProjectDependencies) = postProject
		{DCBC9154-307B-4BA5-A7FF-0D4088FB1A78} = {DCBC9154-307B-4BA5-A7FF-0D4088FB1A78}
	EndProjectSection
EndProject
Project("{9A19103F-16F7-4668-BE54-9A1E7A4F7556}") = "AtelierTomato.SewingTools", "AtelierTomato.SewingTools\AtelierTomato.SewingTools.csproj", "{DCBC9154-307B-4BA5-A7FF-0D4088FB1A78}"
EndProject
Project("{FAE04EC0-301F-11D3-BF4B-00C04F79EFBC}") = "AtelierTomato.SewingWindowsForm", "AtelierTomato.SewingWindowsForm\AtelierTomato.SewingWindowsForm.csproj", "{CB4D309E-D6C2-453B-8654-9C2BACD3AB5C}"
	ProjectSection(ProjectDependencies) = postProject
		{DCBC9154-307B-4BA5-A7FF-0D4088FB1A78} = {DCBC9154-307B-4BA5-A7FF-0D4088FB1A78}
	EndProjectSection
EndProject
Global
	GlobalSection(SolutionConfigurationPlatforms) = preSolution
		Debug|Any CPU = Debug|Any CPU
		Release|Any CPU = Release|Any CPU
	EndGlobalSection
	GlobalSection(ProjectConfigurationPlatforms) = postSolution
		{EBE8746C-2516-469A-8FA0-E9190D327F11}.Debug|Any CPU.ActiveCfg = Debug|Any CPU
		{EBE8746C-2516-469A-8FA0-E9190D327F11}.Debug|Any CPU.Build.0 = Debug|Any CPU
		{EBE8746C-2516-469A-8FA0-E9190D327F11}.Release|Any CPU.ActiveCfg = Release|Any CPU
		{EBE8746C-2516-469A-8FA0-E9190D327F11}.Release|Any CPU.Build.0 = Release|Any CPU
		{DCBC9154-307B-4BA5-A7FF-0D4088FB1A78}.Debug|Any CPU.ActiveCfg = Debug|Any CPU
		{DCBC9154-307B-4BA5-A7FF-0D4088FB1A78}.Debug|Any CPU.Build.0 = Debug|Any CPU
		{DCBC9154-307B-4BA5-A7FF-0D4088FB1A78}.Release|Any CPU.ActiveCfg = Release|Any CPU
		{DCBC9154-307B-4BA5-A7FF-0D4088FB1A78}.Release|Any CPU.Build.0 = Release|Any CPU
		{CB4D309E-D6C2-453B-8654-9C2BACD3AB5C}.Debug|Any CPU.ActiveCfg = Debug|Any CPU
		{CB4D309E-D6C2-453B-8654-9C2BACD3AB5C}.Debug|Any CPU.Build.0 = Debug|Any CPU
		{CB4D309E-D6C2-453B-8654-9C2BACD3AB5C}.Release|Any CPU.ActiveCfg = Release|Any CPU
		{CB4D309E-D6C2-453B-8654-9C2BACD3AB5C}.Release|Any CPU.Build.0 = Release|Any CPU
	EndGlobalSection
	GlobalSection(SolutionProperties) = preSolution
		HideSolutionNode = FALSE
	EndGlobalSection
	GlobalSection(ExtensibilityGlobals) = postSolution
		SolutionGuid = {74BAA85A-2AF5-4196-AAC6-570F8CD7AE29}
	EndGlobalSection
EndGlobal
